
Microsoft Visual Studio Solution File, Format Version 12.00
# Visual Studio Version 16
VisualStudioVersion = 16.0.29418.71
MinimumVisualStudioVersion = 10.0.40219.1
Project("{9A19103F-16F7-4668-BE54-9A1E7A4F7556}") = "ISO8583Net", "iso8583net\ISO8583Net.csproj", "{A5543DF9-9B55-4D55-BC22-9B528E762048}"
EndProject
Project("{9A19103F-16F7-4668-BE54-9A1E7A4F7556}") = "ISO8583NetBenchmark", "ISO8583NetBenchmark\ISO8583NetBenchmark.csproj", "{01BE8BFB-0D8C-403F-A7A2-3443454E6E84}"
EndProject
Project("{9A19103F-16F7-4668-BE54-9A1E7A4F7556}") = "ISO8583NetSimpleTest", "ISO8583NetSimpleTest\ISO8583NetSimpleTest.csproj", "{D4D24B36-B4CB-44B1-8BF3-F28DE2FD266E}"
EndProject
Project("{FAE04EC0-301F-11D3-BF4B-00C04F79EFBC}") = "ISO8583Tests", "ISO8583Tests\ISO8583Tests.csproj", "{2EC17223-8EC3-48D3-AEBC-C9D9A88A7113}"
EndProject
Project("{FAE04EC0-301F-11D3-BF4B-00C04F79EFBC}") = "ISO8583TestServer", "ISO8583TestServer\ISO8583TestServer.csproj", "{E59E41BA-E6DF-4015-A40C-E388750B1088}"
EndProject
Project("{FAE04EC0-301F-11D3-BF4B-00C04F79EFBC}") = "ISO8583TestClient", "ISO8583TestClient\ISO8583TestClient.csproj", "{CC706FD3-21D1-4793-AA22-9B92A925B036}"
EndProject
Project("{FAE04EC0-301F-11D3-BF4B-00C04F79EFBC}") = "ISO8583Server", "ISO8583Server\ISO8583Server.csproj", "{B2574306-8B28-4580-8543-7C469DE3CCB1}"
EndProject
Project("{FAE04EC0-301F-11D3-BF4B-00C04F79EFBC}") = "ISO8583Service", "ISO8583Service\ISO8583Service.csproj", "{D4B7C1C3-69C7-4112-BB36-E12017AE086F}"
EndProject
Global
	GlobalSection(SolutionConfigurationPlatforms) = preSolution
		Debug|Any CPU = Debug|Any CPU
		Debug|x64 = Debug|x64
		Debug|x86 = Debug|x86
		Release|Any CPU = Release|Any CPU
		Release|x64 = Release|x64
		Release|x86 = Release|x86
	EndGlobalSection
	GlobalSection(ProjectConfigurationPlatforms) = postSolution
		{A5543DF9-9B55-4D55-BC22-9B528E762048}.Debug|Any CPU.ActiveCfg = Debug|Any CPU
		{A5543DF9-9B55-4D55-BC22-9B528E762048}.Debug|Any CPU.Build.0 = Debug|Any CPU
		{A5543DF9-9B55-4D55-BC22-9B528E762048}.Debug|x64.ActiveCfg = Debug|Any CPU
		{A5543DF9-9B55-4D55-BC22-9B528E762048}.Debug|x64.Build.0 = Debug|Any CPU
		{A5543DF9-9B55-4D55-BC22-9B528E762048}.Debug|x86.ActiveCfg = Debug|Any CPU
		{A5543DF9-9B55-4D55-BC22-9B528E762048}.Debug|x86.Build.0 = Debug|Any CPU
		{A5543DF9-9B55-4D55-BC22-9B528E762048}.Release|Any CPU.ActiveCfg = Release|Any CPU
		{A5543DF9-9B55-4D55-BC22-9B528E762048}.Release|Any CPU.Build.0 = Release|Any CPU
		{A5543DF9-9B55-4D55-BC22-9B528E762048}.Release|x64.ActiveCfg = Release|Any CPU
		{A5543DF9-9B55-4D55-BC22-9B528E762048}.Release|x64.Build.0 = Release|Any CPU
		{A5543DF9-9B55-4D55-BC22-9B528E762048}.Release|x86.ActiveCfg = Release|Any CPU
		{A5543DF9-9B55-4D55-BC22-9B528E762048}.Release|x86.Build.0 = Release|Any CPU
		{01BE8BFB-0D8C-403F-A7A2-3443454E6E84}.Debug|Any CPU.ActiveCfg = Debug|Any CPU
		{01BE8BFB-0D8C-403F-A7A2-3443454E6E84}.Debug|Any CPU.Build.0 = Debug|Any CPU
		{01BE8BFB-0D8C-403F-A7A2-3443454E6E84}.Debug|x64.ActiveCfg = Debug|Any CPU
		{01BE8BFB-0D8C-403F-A7A2-3443454E6E84}.Debug|x64.Build.0 = Debug|Any CPU
		{01BE8BFB-0D8C-403F-A7A2-3443454E6E84}.Debug|x86.ActiveCfg = Debug|Any CPU
		{01BE8BFB-0D8C-403F-A7A2-3443454E6E84}.Debug|x86.Build.0 = Debug|Any CPU
		{01BE8BFB-0D8C-403F-A7A2-3443454E6E84}.Release|Any CPU.ActiveCfg = Release|Any CPU
		{01BE8BFB-0D8C-403F-A7A2-3443454E6E84}.Release|Any CPU.Build.0 = Release|Any CPU
		{01BE8BFB-0D8C-403F-A7A2-3443454E6E84}.Release|x64.ActiveCfg = Release|Any CPU
		{01BE8BFB-0D8C-403F-A7A2-3443454E6E84}.Release|x64.Build.0 = Release|Any CPU
		{01BE8BFB-0D8C-403F-A7A2-3443454E6E84}.Release|x86.ActiveCfg = Release|Any CPU
		{01BE8BFB-0D8C-403F-A7A2-3443454E6E84}.Release|x86.Build.0 = Release|Any CPU
		{D4D24B36-B4CB-44B1-8BF3-F28DE2FD266E}.Debug|Any CPU.ActiveCfg = Debug|Any CPU
		{D4D24B36-B4CB-44B1-8BF3-F28DE2FD266E}.Debug|Any CPU.Build.0 = Debug|Any CPU
		{D4D24B36-B4CB-44B1-8BF3-F28DE2FD266E}.Debug|x64.ActiveCfg = Debug|Any CPU
		{D4D24B36-B4CB-44B1-8BF3-F28DE2FD266E}.Debug|x64.Build.0 = Debug|Any CPU
		{D4D24B36-B4CB-44B1-8BF3-F28DE2FD266E}.Debug|x86.ActiveCfg = Debug|Any CPU
		{D4D24B36-B4CB-44B1-8BF3-F28DE2FD266E}.Debug|x86.Build.0 = Debug|Any CPU
		{D4D24B36-B4CB-44B1-8BF3-F28DE2FD266E}.Release|Any CPU.ActiveCfg = Release|Any CPU
		{D4D24B36-B4CB-44B1-8BF3-F28DE2FD266E}.Release|Any CPU.Build.0 = Release|Any CPU
		{D4D24B36-B4CB-44B1-8BF3-F28DE2FD266E}.Release|x64.ActiveCfg = Release|Any CPU
		{D4D24B36-B4CB-44B1-8BF3-F28DE2FD266E}.Release|x64.Build.0 = Release|Any CPU
		{D4D24B36-B4CB-44B1-8BF3-F28DE2FD266E}.Release|x86.ActiveCfg = Release|Any CPU
		{D4D24B36-B4CB-44B1-8BF3-F28DE2FD266E}.Release|x86.Build.0 = Release|Any CPU
		{2EC17223-8EC3-48D3-AEBC-C9D9A88A7113}.Debug|Any CPU.ActiveCfg = Debug|Any CPU
		{2EC17223-8EC3-48D3-AEBC-C9D9A88A7113}.Debug|Any CPU.Build.0 = Debug|Any CPU
		{2EC17223-8EC3-48D3-AEBC-C9D9A88A7113}.Debug|x64.ActiveCfg = Debug|Any CPU
		{2EC17223-8EC3-48D3-AEBC-C9D9A88A7113}.Debug|x64.Build.0 = Debug|Any CPU
		{2EC17223-8EC3-48D3-AEBC-C9D9A88A7113}.Debug|x86.ActiveCfg = Debug|Any CPU
		{2EC17223-8EC3-48D3-AEBC-C9D9A88A7113}.Debug|x86.Build.0 = Debug|Any CPU
		{2EC17223-8EC3-48D3-AEBC-C9D9A88A7113}.Release|Any CPU.ActiveCfg = Release|Any CPU
		{2EC17223-8EC3-48D3-AEBC-C9D9A88A7113}.Release|Any CPU.Build.0 = Release|Any CPU
		{2EC17223-8EC3-48D3-AEBC-C9D9A88A7113}.Release|x64.ActiveCfg = Release|Any CPU
		{2EC17223-8EC3-48D3-AEBC-C9D9A88A7113}.Release|x64.Build.0 = Release|Any CPU
		{2EC17223-8EC3-48D3-AEBC-C9D9A88A7113}.Release|x86.ActiveCfg = Release|Any CPU
		{2EC17223-8EC3-48D3-AEBC-C9D9A88A7113}.Release|x86.Build.0 = Release|Any CPU
		{E59E41BA-E6DF-4015-A40C-E388750B1088}.Debug|Any CPU.ActiveCfg = Debug|Any CPU
		{E59E41BA-E6DF-4015-A40C-E388750B1088}.Debug|Any CPU.Build.0 = Debug|Any CPU
		{E59E41BA-E6DF-4015-A40C-E388750B1088}.Debug|x64.ActiveCfg = Debug|Any CPU
		{E59E41BA-E6DF-4015-A40C-E388750B1088}.Debug|x64.Build.0 = Debug|Any CPU
		{E59E41BA-E6DF-4015-A40C-E388750B1088}.Debug|x86.ActiveCfg = Debug|Any CPU
		{E59E41BA-E6DF-4015-A40C-E388750B1088}.Debug|x86.Build.0 = Debug|Any CPU
		{E59E41BA-E6DF-4015-A40C-E388750B1088}.Release|Any CPU.ActiveCfg = Release|Any CPU
		{E59E41BA-E6DF-4015-A40C-E388750B1088}.Release|Any CPU.Build.0 = Release|Any CPU
		{E59E41BA-E6DF-4015-A40C-E388750B1088}.Release|x64.ActiveCfg = Release|Any CPU
		{E59E41BA-E6DF-4015-A40C-E388750B1088}.Release|x64.Build.0 = Release|Any CPU
		{E59E41BA-E6DF-4015-A40C-E388750B1088}.Release|x86.ActiveCfg = Release|Any CPU
		{E59E41BA-E6DF-4015-A40C-E388750B1088}.Release|x86.Build.0 = Release|Any CPU
		{CC706FD3-21D1-4793-AA22-9B92A925B036}.Debug|Any CPU.ActiveCfg = Debug|Any CPU
		{CC706FD3-21D1-4793-AA22-9B92A925B036}.Debug|Any CPU.Build.0 = Debug|Any CPU
		{CC706FD3-21D1-4793-AA22-9B92A925B036}.Debug|x64.ActiveCfg = Debug|Any CPU
		{CC706FD3-21D1-4793-AA22-9B92A925B036}.Debug|x64.Build.0 = Debug|Any CPU
		{CC706FD3-21D1-4793-AA22-9B92A925B036}.Debug|x86.ActiveCfg = Debug|Any CPU
		{CC706FD3-21D1-4793-AA22-9B92A925B036}.Debug|x86.Build.0 = Debug|Any CPU
		{CC706FD3-21D1-4793-AA22-9B92A925B036}.Release|Any CPU.ActiveCfg = Release|Any CPU
		{CC706FD3-21D1-4793-AA22-9B92A925B036}.Release|Any CPU.Build.0 = Release|Any CPU
		{CC706FD3-21D1-4793-AA22-9B92A925B036}.Release|x64.ActiveCfg = Release|Any CPU
		{CC706FD3-21D1-4793-AA22-9B92A925B036}.Release|x64.Build.0 = Release|Any CPU
		{CC706FD3-21D1-4793-AA22-9B92A925B036}.Release|x86.ActiveCfg = Release|Any CPU
		{CC706FD3-21D1-4793-AA22-9B92A925B036}.Release|x86.Build.0 = Release|Any CPU
		{B2574306-8B28-4580-8543-7C469DE3CCB1}.Debug|Any CPU.ActiveCfg = Debug|Any CPU
		{B2574306-8B28-4580-8543-7C469DE3CCB1}.Debug|Any CPU.Build.0 = Debug|Any CPU
		{B2574306-8B28-4580-8543-7C469DE3CCB1}.Debug|x64.ActiveCfg = Debug|Any CPU
		{B2574306-8B28-4580-8543-7C469DE3CCB1}.Debug|x64.Build.0 = Debug|Any CPU
		{B2574306-8B28-4580-8543-7C469DE3CCB1}.Debug|x86.ActiveCfg = Debug|Any CPU
		{B2574306-8B28-4580-8543-7C469DE3CCB1}.Debug|x86.Build.0 = Debug|Any CPU
		{B2574306-8B28-4580-8543-7C469DE3CCB1}.Release|Any CPU.ActiveCfg = Release|Any CPU
		{B2574306-8B28-4580-8543-7C469DE3CCB1}.Release|Any CPU.Build.0 = Release|Any CPU
		{B2574306-8B28-4580-8543-7C469DE3CCB1}.Release|x64.ActiveCfg = Release|Any CPU
		{B2574306-8B28-4580-8543-7C469DE3CCB1}.Release|x64.Build.0 = Release|Any CPU
		{B2574306-8B28-4580-8543-7C469DE3CCB1}.Release|x86.ActiveCfg = Release|Any CPU
		{B2574306-8B28-4580-8543-7C469DE3CCB1}.Release|x86.Build.0 = Release|Any CPU
		{D4B7C1C3-69C7-4112-BB36-E12017AE086F}.Debug|Any CPU.ActiveCfg = Debug|Any CPU
		{D4B7C1C3-69C7-4112-BB36-E12017AE086F}.Debug|Any CPU.Build.0 = Debug|Any CPU
		{D4B7C1C3-69C7-4112-BB36-E12017AE086F}.Debug|x64.ActiveCfg = Debug|Any CPU
		{D4B7C1C3-69C7-4112-BB36-E12017AE086F}.Debug|x64.Build.0 = Debug|Any CPU
		{D4B7C1C3-69C7-4112-BB36-E12017AE086F}.Debug|x86.ActiveCfg = Debug|Any CPU
		{D4B7C1C3-69C7-4112-BB36-E12017AE086F}.Debug|x86.Build.0 = Debug|Any CPU
		{D4B7C1C3-69C7-4112-BB36-E12017AE086F}.Release|Any CPU.ActiveCfg = Release|Any CPU
		{D4B7C1C3-69C7-4112-BB36-E12017AE086F}.Release|Any CPU.Build.0 = Release|Any CPU
		{D4B7C1C3-69C7-4112-BB36-E12017AE086F}.Release|x64.ActiveCfg = Release|Any CPU
		{D4B7C1C3-69C7-4112-BB36-E12017AE086F}.Release|x64.Build.0 = Release|Any CPU
		{D4B7C1C3-69C7-4112-BB36-E12017AE086F}.Release|x86.ActiveCfg = Release|Any CPU
		{D4B7C1C3-69C7-4112-BB36-E12017AE086F}.Release|x86.Build.0 = Release|Any CPU
	EndGlobalSection
	GlobalSection(SolutionProperties) = preSolution
		HideSolutionNode = FALSE
	EndGlobalSection
	GlobalSection(ExtensibilityGlobals) = postSolution
		SolutionGuid = {797FBD5D-E80A-453E-8C05-A480A5D52AA3}
	EndGlobalSection
EndGlobal
