
Microsoft Visual Studio Solution File, Format Version 12.00
# Visual Studio 15
VisualStudioVersion = 15.0.28307.271
MinimumVisualStudioVersion = 10.0.40219.1
Project("{9A19103F-16F7-4668-BE54-9A1E7A4F7556}") = "ISO8583Net", "iso8583net\ISO8583Net.csproj", "{A5543DF9-9B55-4D55-BC22-9B528E762048}"
EndProject
Project("{9A19103F-16F7-4668-BE54-9A1E7A4F7556}") = "ISO8583NetBenchmark", "ISO8583NetBenchmark\ISO8583NetBenchmark.csproj", "{01BE8BFB-0D8C-403F-A7A2-3443454E6E84}"
EndProject
Project("{9A19103F-16F7-4668-BE54-9A1E7A4F7556}") = "ISO8583NetSimpleTest", "ISO8583NetSimpleTest\ISO8583NetSimpleTest.csproj", "{D4D24B36-B4CB-44B1-8BF3-F28DE2FD266E}"
EndProject
Global
	GlobalSection(SolutionConfigurationPlatforms) = preSolution
		Debug|Any CPU = Debug|Any CPU
		Release|Any CPU = Release|Any CPU
	EndGlobalSection
	GlobalSection(ProjectConfigurationPlatforms) = postSolution
		{A5543DF9-9B55-4D55-BC22-9B528E762048}.Debug|Any CPU.ActiveCfg = Debug|Any CPU
		{A5543DF9-9B55-4D55-BC22-9B528E762048}.Debug|Any CPU.Build.0 = Debug|Any CPU
		{A5543DF9-9B55-4D55-BC22-9B528E762048}.Release|Any CPU.ActiveCfg = Release|Any CPU
		{A5543DF9-9B55-4D55-BC22-9B528E762048}.Release|Any CPU.Build.0 = Release|Any CPU
		{01BE8BFB-0D8C-403F-A7A2-3443454E6E84}.Debug|Any CPU.ActiveCfg = Debug|Any CPU
		{01BE8BFB-0D8C-403F-A7A2-3443454E6E84}.Debug|Any CPU.Build.0 = Debug|Any CPU
		{01BE8BFB-0D8C-403F-A7A2-3443454E6E84}.Release|Any CPU.ActiveCfg = Release|Any CPU
		{01BE8BFB-0D8C-403F-A7A2-3443454E6E84}.Release|Any CPU.Build.0 = Release|Any CPU
		{D4D24B36-B4CB-44B1-8BF3-F28DE2FD266E}.Debug|Any CPU.ActiveCfg = Debug|Any CPU
		{D4D24B36-B4CB-44B1-8BF3-F28DE2FD266E}.Debug|Any CPU.Build.0 = Debug|Any CPU
		{D4D24B36-B4CB-44B1-8BF3-F28DE2FD266E}.Release|Any CPU.ActiveCfg = Release|Any CPU
		{D4D24B36-B4CB-44B1-8BF3-F28DE2FD266E}.Release|Any CPU.Build.0 = Release|Any CPU
	EndGlobalSection
	GlobalSection(SolutionProperties) = preSolution
		HideSolutionNode = FALSE
	EndGlobalSection
	GlobalSection(ExtensibilityGlobals) = postSolution
		SolutionGuid = {797FBD5D-E80A-453E-8C05-A480A5D52AA3}
	EndGlobalSection
EndGlobal
